
Microsoft Visual Studio Solution File, Format Version 12.00
# Visual Studio 15
Project("{FAE04EC0-301F-11D3-BF4B-00C04F79EFBC}") = "Assembly-CSharp", "Assembly-CSharp.csproj", "{CE00BC81-396A-A859-2158-AFED44D25571}"
EndProject
Project("{FAE04EC0-301F-11D3-BF4B-00C04F79EFBC}") = "Assembly-CSharp-Editor", "Assembly-CSharp-Editor.csproj", "{3E9F4270-31D4-861D-FFC9-63738379223B}"
EndProject
Global
	GlobalSection(SolutionConfigurationPlatforms) = preSolution
		Debug|Any CPU = Debug|Any CPU
		Release|Any CPU = Release|Any CPU
	EndGlobalSection
	GlobalSection(ProjectConfigurationPlatforms) = postSolution
		{CE00BC81-396A-A859-2158-AFED44D25571}.Debug|Any CPU.ActiveCfg = Debug|Any CPU
		{CE00BC81-396A-A859-2158-AFED44D25571}.Debug|Any CPU.Build.0 = Debug|Any CPU
		{CE00BC81-396A-A859-2158-AFED44D25571}.Release|Any CPU.ActiveCfg = Release|Any CPU
		{CE00BC81-396A-A859-2158-AFED44D25571}.Release|Any CPU.Build.0 = Release|Any CPU
		{3E9F4270-31D4-861D-FFC9-63738379223B}.Debug|Any CPU.ActiveCfg = Debug|Any CPU
		{3E9F4270-31D4-861D-FFC9-63738379223B}.Debug|Any CPU.Build.0 = Debug|Any CPU
		{3E9F4270-31D4-861D-FFC9-63738379223B}.Release|Any CPU.ActiveCfg = Release|Any CPU
		{3E9F4270-31D4-861D-FFC9-63738379223B}.Release|Any CPU.Build.0 = Release|Any CPU
	EndGlobalSection
	GlobalSection(SolutionProperties) = preSolution
		HideSolutionNode = FALSE
	EndGlobalSection
EndGlobal
