
Microsoft Visual Studio Solution File, Format Version 12.00
# Visual Studio 15
Project("{FAE04EC0-301F-11D3-BF4B-00C04F79EFBC}") = "Assembly-CSharp", "Assembly-CSharp.csproj", "{582EF452-3BB2-13A9-89F8-EF3E12B5F003}"
EndProject
Project("{FAE04EC0-301F-11D3-BF4B-00C04F79EFBC}") = "Assembly-CSharp-Editor", "Assembly-CSharp-Editor.csproj", "{ABB2CCEA-DCD3-88D4-5E4C-B36FADE9A45B}"
EndProject
Project("{FAE04EC0-301F-11D3-BF4B-00C04F79EFBC}") = "Assembly-CSharp-Editor-firstpass", "Assembly-CSharp-Editor-firstpass.csproj", "{27D2A441-D934-5A93-247D-154C82ACD1CD}"
EndProject
Global
	GlobalSection(SolutionConfigurationPlatforms) = preSolution
		Debug|Any CPU = Debug|Any CPU
		Release|Any CPU = Release|Any CPU
	EndGlobalSection
	GlobalSection(ProjectConfigurationPlatforms) = postSolution
		{582EF452-3BB2-13A9-89F8-EF3E12B5F003}.Debug|Any CPU.ActiveCfg = Debug|Any CPU
		{582EF452-3BB2-13A9-89F8-EF3E12B5F003}.Debug|Any CPU.Build.0 = Debug|Any CPU
		{582EF452-3BB2-13A9-89F8-EF3E12B5F003}.Release|Any CPU.ActiveCfg = Release|Any CPU
		{582EF452-3BB2-13A9-89F8-EF3E12B5F003}.Release|Any CPU.Build.0 = Release|Any CPU
		{ABB2CCEA-DCD3-88D4-5E4C-B36FADE9A45B}.Debug|Any CPU.ActiveCfg = Debug|Any CPU
		{ABB2CCEA-DCD3-88D4-5E4C-B36FADE9A45B}.Debug|Any CPU.Build.0 = Debug|Any CPU
		{ABB2CCEA-DCD3-88D4-5E4C-B36FADE9A45B}.Release|Any CPU.ActiveCfg = Release|Any CPU
		{ABB2CCEA-DCD3-88D4-5E4C-B36FADE9A45B}.Release|Any CPU.Build.0 = Release|Any CPU
		{27D2A441-D934-5A93-247D-154C82ACD1CD}.Debug|Any CPU.ActiveCfg = Debug|Any CPU
		{27D2A441-D934-5A93-247D-154C82ACD1CD}.Debug|Any CPU.Build.0 = Debug|Any CPU
		{27D2A441-D934-5A93-247D-154C82ACD1CD}.Release|Any CPU.ActiveCfg = Release|Any CPU
		{27D2A441-D934-5A93-247D-154C82ACD1CD}.Release|Any CPU.Build.0 = Release|Any CPU
	EndGlobalSection
	GlobalSection(SolutionProperties) = preSolution
		HideSolutionNode = FALSE
	EndGlobalSection
EndGlobal
